
Microsoft Visual Studio Solution File, Format Version 12.00
# Visual Studio 14
VisualStudioVersion = 14.0.25420.1
MinimumVisualStudioVersion = 10.0.40219.1
Project("{2150E333-8FDC-42A3-9474-1A3956D46DE8}") = "src", "src", "{DD71CCA8-0726-4BE2-9822-F758727CAC72}"
EndProject
Project("{2150E333-8FDC-42A3-9474-1A3956D46DE8}") = "Solution Items", "Solution Items", "{23AB4B63-B4D8-4EF7-9BB9-4F9BB29D3EFF}"
	ProjectSection(SolutionItems) = preProject
		global.json = global.json
	EndProjectSection
EndProject
Project("{8BB2217D-0F2D-49D1-97BC-3654ED321F3B}") = "WebApplicationCoreTest", "src\WebApplicationCoreTest\WebApplicationCoreTest.xproj", "{0CD9EDF1-1436-4C0A-B616-F58179A9E154}"
EndProject
Global
	GlobalSection(SolutionConfigurationPlatforms) = preSolution
		Debug|Any CPU = Debug|Any CPU
		Release|Any CPU = Release|Any CPU
	EndGlobalSection
	GlobalSection(ProjectConfigurationPlatforms) = postSolution
		{0CD9EDF1-1436-4C0A-B616-F58179A9E154}.Debug|Any CPU.ActiveCfg = Debug|Any CPU
		{0CD9EDF1-1436-4C0A-B616-F58179A9E154}.Debug|Any CPU.Build.0 = Debug|Any CPU
		{0CD9EDF1-1436-4C0A-B616-F58179A9E154}.Release|Any CPU.ActiveCfg = Release|Any CPU
		{0CD9EDF1-1436-4C0A-B616-F58179A9E154}.Release|Any CPU.Build.0 = Release|Any CPU
	EndGlobalSection
	GlobalSection(SolutionProperties) = preSolution
		HideSolutionNode = FALSE
	EndGlobalSection
	GlobalSection(NestedProjects) = preSolution
		{0CD9EDF1-1436-4C0A-B616-F58179A9E154} = {DD71CCA8-0726-4BE2-9822-F758727CAC72}
	EndGlobalSection
EndGlobal
